
Microsoft Visual Studio Solution File, Format Version 12.00
# Visual Studio Version 17
VisualStudioVersion = 17.4.33213.308
MinimumVisualStudioVersion = 10.0.40219.1
Project("{9A19103F-16F7-4668-BE54-9A1E7A4F7556}") = "Dexter", "Dexter\Dexter.csproj", "{F7C28ABC-EBF2-4B87-B339-5E941E3D0826}"
EndProject
Project("{FAE04EC0-301F-11D3-BF4B-00C04F79EFBC}") = "Dexter.Test", "Dexter.Test\Dexter.Test.csproj", "{4C41E83C-6BA7-4C83-AD0A-A14268C90B11}"
EndProject
Global
	GlobalSection(SolutionConfigurationPlatforms) = preSolution
		Debug|Any CPU = Debug|Any CPU
		Release|Any CPU = Release|Any CPU
	EndGlobalSection
	GlobalSection(ProjectConfigurationPlatforms) = postSolution
		{F7C28ABC-EBF2-4B87-B339-5E941E3D0826}.Debug|Any CPU.ActiveCfg = Debug|Any CPU
		{F7C28ABC-EBF2-4B87-B339-5E941E3D0826}.Debug|Any CPU.Build.0 = Debug|Any CPU
		{F7C28ABC-EBF2-4B87-B339-5E941E3D0826}.Release|Any CPU.ActiveCfg = Release|Any CPU
		{F7C28ABC-EBF2-4B87-B339-5E941E3D0826}.Release|Any CPU.Build.0 = Release|Any CPU
		{4C41E83C-6BA7-4C83-AD0A-A14268C90B11}.Debug|Any CPU.ActiveCfg = Debug|Any CPU
		{4C41E83C-6BA7-4C83-AD0A-A14268C90B11}.Debug|Any CPU.Build.0 = Debug|Any CPU
		{4C41E83C-6BA7-4C83-AD0A-A14268C90B11}.Release|Any CPU.ActiveCfg = Release|Any CPU
		{4C41E83C-6BA7-4C83-AD0A-A14268C90B11}.Release|Any CPU.Build.0 = Release|Any CPU
	EndGlobalSection
	GlobalSection(SolutionProperties) = preSolution
		HideSolutionNode = FALSE
	EndGlobalSection
	GlobalSection(ExtensibilityGlobals) = postSolution
		SolutionGuid = {F9DC6C5B-ACEF-453B-B147-B1D2558CB297}
	EndGlobalSection
EndGlobal
